
Microsoft Visual Studio Solution File, Format Version 12.00
# Visual Studio 2012
Project("{D954291E-2A0B-460D-934E-DC6B0785DB48}") = "sample.app", "sample.app\sample.app.shproj", "{AD52C27C-0203-4163-8D18-C27E4B2D36DC}"
EndProject
Project("{FAE04EC0-301F-11D3-BF4B-00C04F79EFBC}") = "sample.app.iOS", "iOS\sample.app.iOS.csproj", "{84686461-64B9-44F6-9E85-4A0C7127F068}"
EndProject
Project("{FAE04EC0-301F-11D3-BF4B-00C04F79EFBC}") = "sample.app.Droid", "Droid\sample.app.Droid.csproj", "{97C2B97B-339C-4265-88D5-024263A884E1}"
EndProject
Project("{FAE04EC0-301F-11D3-BF4B-00C04F79EFBC}") = "sample.app.MobileAppService", "MobileAppService\sample.app.MobileAppService.csproj", "{FA2BC468-DE25-46D4-9233-9F370F939D79}"
EndProject
Global
	GlobalSection(SolutionConfigurationPlatforms) = preSolution
		Debug|iPhoneSimulator = Debug|iPhoneSimulator
		Release|iPhone = Release|iPhone
		Release|iPhoneSimulator = Release|iPhoneSimulator
		Debug|iPhone = Debug|iPhone
		Debug|Any CPU = Debug|Any CPU
		Release|Any CPU = Release|Any CPU
	EndGlobalSection
	GlobalSection(ProjectConfigurationPlatforms) = postSolution
		{84686461-64B9-44F6-9E85-4A0C7127F068}.Debug|iPhoneSimulator.ActiveCfg = Debug|iPhoneSimulator
		{84686461-64B9-44F6-9E85-4A0C7127F068}.Debug|iPhoneSimulator.Build.0 = Debug|iPhoneSimulator
		{84686461-64B9-44F6-9E85-4A0C7127F068}.Release|iPhone.ActiveCfg = Release|iPhone
		{84686461-64B9-44F6-9E85-4A0C7127F068}.Release|iPhone.Build.0 = Release|iPhone
		{84686461-64B9-44F6-9E85-4A0C7127F068}.Release|iPhoneSimulator.ActiveCfg = Release|iPhoneSimulator
		{84686461-64B9-44F6-9E85-4A0C7127F068}.Release|iPhoneSimulator.Build.0 = Release|iPhoneSimulator
		{84686461-64B9-44F6-9E85-4A0C7127F068}.Debug|iPhone.ActiveCfg = Debug|iPhone
		{84686461-64B9-44F6-9E85-4A0C7127F068}.Debug|iPhone.Build.0 = Debug|iPhone
		{84686461-64B9-44F6-9E85-4A0C7127F068}.Debug|Any CPU.ActiveCfg = Debug|iPhoneSimulator
		{84686461-64B9-44F6-9E85-4A0C7127F068}.Debug|Any CPU.Build.0 = Debug|iPhoneSimulator
		{84686461-64B9-44F6-9E85-4A0C7127F068}.Release|Any CPU.ActiveCfg = Release|iPhone
		{84686461-64B9-44F6-9E85-4A0C7127F068}.Release|Any CPU.Build.0 = Release|iPhone
		{97C2B97B-339C-4265-88D5-024263A884E1}.Debug|iPhoneSimulator.ActiveCfg = Debug|Any CPU
		{97C2B97B-339C-4265-88D5-024263A884E1}.Debug|iPhoneSimulator.Build.0 = Debug|Any CPU
		{97C2B97B-339C-4265-88D5-024263A884E1}.Release|iPhone.ActiveCfg = Release|Any CPU
		{97C2B97B-339C-4265-88D5-024263A884E1}.Release|iPhone.Build.0 = Release|Any CPU
		{97C2B97B-339C-4265-88D5-024263A884E1}.Release|iPhoneSimulator.ActiveCfg = Release|Any CPU
		{97C2B97B-339C-4265-88D5-024263A884E1}.Release|iPhoneSimulator.Build.0 = Release|Any CPU
		{97C2B97B-339C-4265-88D5-024263A884E1}.Debug|iPhone.ActiveCfg = Debug|Any CPU
		{97C2B97B-339C-4265-88D5-024263A884E1}.Debug|iPhone.Build.0 = Debug|Any CPU
		{97C2B97B-339C-4265-88D5-024263A884E1}.Debug|Any CPU.ActiveCfg = Debug|Any CPU
		{97C2B97B-339C-4265-88D5-024263A884E1}.Debug|Any CPU.Build.0 = Debug|Any CPU
		{97C2B97B-339C-4265-88D5-024263A884E1}.Release|Any CPU.ActiveCfg = Release|Any CPU
		{97C2B97B-339C-4265-88D5-024263A884E1}.Release|Any CPU.Build.0 = Release|Any CPU
		{FA2BC468-DE25-46D4-9233-9F370F939D79}.Debug|iPhoneSimulator.ActiveCfg = Debug|Any CPU
		{FA2BC468-DE25-46D4-9233-9F370F939D79}.Debug|iPhoneSimulator.Build.0 = Debug|Any CPU
		{FA2BC468-DE25-46D4-9233-9F370F939D79}.Release|iPhone.ActiveCfg = Release|Any CPU
		{FA2BC468-DE25-46D4-9233-9F370F939D79}.Release|iPhone.Build.0 = Release|Any CPU
		{FA2BC468-DE25-46D4-9233-9F370F939D79}.Release|iPhoneSimulator.ActiveCfg = Release|Any CPU
		{FA2BC468-DE25-46D4-9233-9F370F939D79}.Release|iPhoneSimulator.Build.0 = Release|Any CPU
		{FA2BC468-DE25-46D4-9233-9F370F939D79}.Debug|iPhone.ActiveCfg = Debug|Any CPU
		{FA2BC468-DE25-46D4-9233-9F370F939D79}.Debug|iPhone.Build.0 = Debug|Any CPU
		{FA2BC468-DE25-46D4-9233-9F370F939D79}.Debug|Any CPU.ActiveCfg = Debug|Any CPU
		{FA2BC468-DE25-46D4-9233-9F370F939D79}.Debug|Any CPU.Build.0 = Debug|Any CPU
		{FA2BC468-DE25-46D4-9233-9F370F939D79}.Release|Any CPU.ActiveCfg = Release|Any CPU
		{FA2BC468-DE25-46D4-9233-9F370F939D79}.Release|Any CPU.Build.0 = Release|Any CPU
	EndGlobalSection
EndGlobal
